
Microsoft Visual Studio Solution File, Format Version 12.00
# Visual Studio Version 16
VisualStudioVersion = 16.0.31129.286
MinimumVisualStudioVersion = 10.0.40219.1
Project("{FAE04EC0-301F-11D3-BF4B-00C04F79EFBC}") = "Text", "Text.csproj", "{7BF872A3-93C7-45EC-ADB2-7365A48A3D5F}"
EndProject
Global
	GlobalSection(SolutionConfigurationPlatforms) = preSolution
		Debug|Any CPU = Debug|Any CPU
		Release|Any CPU = Release|Any CPU
	EndGlobalSection
	GlobalSection(ProjectConfigurationPlatforms) = postSolution
		{7BF872A3-93C7-45EC-ADB2-7365A48A3D5F}.Debug|Any CPU.ActiveCfg = Debug|Any CPU
		{7BF872A3-93C7-45EC-ADB2-7365A48A3D5F}.Debug|Any CPU.Build.0 = Debug|Any CPU
		{7BF872A3-93C7-45EC-ADB2-7365A48A3D5F}.Release|Any CPU.ActiveCfg = Release|Any CPU
		{7BF872A3-93C7-45EC-ADB2-7365A48A3D5F}.Release|Any CPU.Build.0 = Release|Any CPU
	EndGlobalSection
	GlobalSection(SolutionProperties) = preSolution
		HideSolutionNode = FALSE
	EndGlobalSection
	GlobalSection(ExtensibilityGlobals) = postSolution
		SolutionGuid = {3D262803-9461-40F4-9CAA-8B5CF3A3BAA9}
	EndGlobalSection
EndGlobal
